
Microsoft Visual Studio Solution File, Format Version 12.00
# Visual Studio Version 17
VisualStudioVersion = 17.7.34031.279
MinimumVisualStudioVersion = 10.0.40219.1
Project("{9A19103F-16F7-4668-BE54-9A1E7A4F7556}") = "AsehellmannAppApi", "AsehellmannAppApi\AsehellmannAppApi.csproj", "{F4B8F274-4FBC-4CDA-8929-EC6C58C2694E}"
EndProject
Project("{FAE04EC0-301F-11D3-BF4B-00C04F79EFBC}") = "PruebasUnitariasAsehellmann", "PruebasUnitariasAsehellmann\PruebasUnitariasAsehellmann.csproj", "{6D2C9C13-90CD-4CE0-8B82-4EE93407D154}"
EndProject
Global
	GlobalSection(SolutionConfigurationPlatforms) = preSolution
		Debug|Any CPU = Debug|Any CPU
		Release|Any CPU = Release|Any CPU
	EndGlobalSection
	GlobalSection(ProjectConfigurationPlatforms) = postSolution
		{F4B8F274-4FBC-4CDA-8929-EC6C58C2694E}.Debug|Any CPU.ActiveCfg = Debug|Any CPU
		{F4B8F274-4FBC-4CDA-8929-EC6C58C2694E}.Debug|Any CPU.Build.0 = Debug|Any CPU
		{F4B8F274-4FBC-4CDA-8929-EC6C58C2694E}.Release|Any CPU.ActiveCfg = Release|Any CPU
		{F4B8F274-4FBC-4CDA-8929-EC6C58C2694E}.Release|Any CPU.Build.0 = Release|Any CPU
		{6D2C9C13-90CD-4CE0-8B82-4EE93407D154}.Debug|Any CPU.ActiveCfg = Debug|Any CPU
		{6D2C9C13-90CD-4CE0-8B82-4EE93407D154}.Debug|Any CPU.Build.0 = Debug|Any CPU
		{6D2C9C13-90CD-4CE0-8B82-4EE93407D154}.Release|Any CPU.ActiveCfg = Release|Any CPU
		{6D2C9C13-90CD-4CE0-8B82-4EE93407D154}.Release|Any CPU.Build.0 = Release|Any CPU
	EndGlobalSection
	GlobalSection(SolutionProperties) = preSolution
		HideSolutionNode = FALSE
	EndGlobalSection
	GlobalSection(ExtensibilityGlobals) = postSolution
		SolutionGuid = {6CC94AF8-3F3B-4116-957F-2AA1965C7425}
	EndGlobalSection
EndGlobal
